
Microsoft Visual Studio Solution File, Format Version 12.00
# Visual Studio Version 16
VisualStudioVersion = 16.0.29123.88
MinimumVisualStudioVersion = 10.0.40219.1
Project("{9A19103F-16F7-4668-BE54-9A1E7A4F7556}") = "TwelveFinal", "TwelveFinal\TwelveFinal.csproj", "{DABD9081-0C9D-46B0-B623-39FA207CA896}"
EndProject
Project("{FAE04EC0-301F-11D3-BF4B-00C04F79EFBC}") = "DataSeeding", "DataSeeding\DataSeeding.csproj", "{CF83FAB0-67C7-4D80-A1CD-134EF74758DF}"
EndProject
Global
	GlobalSection(SolutionConfigurationPlatforms) = preSolution
		Debug|Any CPU = Debug|Any CPU
		Release|Any CPU = Release|Any CPU
	EndGlobalSection
	GlobalSection(ProjectConfigurationPlatforms) = postSolution
		{DABD9081-0C9D-46B0-B623-39FA207CA896}.Debug|Any CPU.ActiveCfg = Debug|Any CPU
		{DABD9081-0C9D-46B0-B623-39FA207CA896}.Debug|Any CPU.Build.0 = Debug|Any CPU
		{DABD9081-0C9D-46B0-B623-39FA207CA896}.Release|Any CPU.ActiveCfg = Release|Any CPU
		{DABD9081-0C9D-46B0-B623-39FA207CA896}.Release|Any CPU.Build.0 = Release|Any CPU
		{CF83FAB0-67C7-4D80-A1CD-134EF74758DF}.Debug|Any CPU.ActiveCfg = Debug|Any CPU
		{CF83FAB0-67C7-4D80-A1CD-134EF74758DF}.Debug|Any CPU.Build.0 = Debug|Any CPU
		{CF83FAB0-67C7-4D80-A1CD-134EF74758DF}.Release|Any CPU.ActiveCfg = Release|Any CPU
		{CF83FAB0-67C7-4D80-A1CD-134EF74758DF}.Release|Any CPU.Build.0 = Release|Any CPU
	EndGlobalSection
	GlobalSection(SolutionProperties) = preSolution
		HideSolutionNode = FALSE
	EndGlobalSection
	GlobalSection(ExtensibilityGlobals) = postSolution
		SolutionGuid = {5CE93D2A-BA39-4FB3-8FCC-68537E61C55B}
	EndGlobalSection
EndGlobal
